// !$*UTF8*$!
{
	archiveVersion = 1;
	classes = {
	};
	objectVersion = 56;
	objects = {

/* Begin PBXBuildFile section */
		FF5F125D2BC646C7009D8DB8 /* Hiking_AppApp.swift in Sources */ = {isa = PBXBuildFile; fileRef = FF5F125C2BC646C7009D8DB8 /* Hiking_AppApp.swift */; };
		FF5F125F2BC646C7009D8DB8 /* ContentView.swift in Sources */ = {isa = PBXBuildFile; fileRef = FF5F125E2BC646C7009D8DB8 /* ContentView.swift */; };
		FF5F12612BC646CA009D8DB8 /* Assets.xcassets in Resources */ = {isa = PBXBuildFile; fileRef = FF5F12602BC646CA009D8DB8 /* Assets.xcassets */; };
		FF5F12642BC646CA009D8DB8 /* Preview Assets.xcassets in Resources */ = {isa = PBXBuildFile; fileRef = FF5F12632BC646CA009D8DB8 /* Preview Assets.xcassets */; };
		FF5F126B2BC648AD009D8DB8 /* CardView.swift in Sources */ = {isa = PBXBuildFile; fileRef = FF5F126A2BC648AD009D8DB8 /* CardView.swift */; };
		FF5F126E2BC64993009D8DB8 /* CustomBackgroundView.swift in Sources */ = {isa = PBXBuildFile; fileRef = FF5F126D2BC64993009D8DB8 /* CustomBackgroundView.swift */; };
		FF5F12712BC64B64009D8DB8 /* ColorExtension.swift in Sources */ = {isa = PBXBuildFile; fileRef = FF5F12702BC64B64009D8DB8 /* ColorExtension.swift */; };
		FF5F12732BC65914009D8DB8 /* CustomButtonView.swift in Sources */ = {isa = PBXBuildFile; fileRef = FF5F12722BC65914009D8DB8 /* CustomButtonView.swift */; };
		FF5F12752BC65DFD009D8DB8 /* GradientButtonStyle.swift in Sources */ = {isa = PBXBuildFile; fileRef = FF5F12742BC65DFD009D8DB8 /* GradientButtonStyle.swift */; };
		FF5F12772BC7D450009D8DB8 /* CustomCircleView.swift in Sources */ = {isa = PBXBuildFile; fileRef = FF5F12762BC7D450009D8DB8 /* CustomCircleView.swift */; };
		FF5F12792BC7D56C009D8DB8 /* MotionAnimationView.swift in Sources */ = {isa = PBXBuildFile; fileRef = FF5F12782BC7D56C009D8DB8 /* MotionAnimationView.swift */; };
		FF5F127C2BC7DB06009D8DB8 /* SettingsView.swift in Sources */ = {isa = PBXBuildFile; fileRef = FF5F127B2BC7DB06009D8DB8 /* SettingsView.swift */; };
		FF5F127E2BC8022C009D8DB8 /* CustomListRowView.swift in Sources */ = {isa = PBXBuildFile; fileRef = FF5F127D2BC8022C009D8DB8 /* CustomListRowView.swift */; };
/* End PBXBuildFile section */

/* Begin PBXFileReference section */
		FF5F12592BC646C7009D8DB8 /* Hiking App.app */ = {isa = PBXFileReference; explicitFileType = wrapper.application; includeInIndex = 0; path = "Hiking App.app"; sourceTree = BUILT_PRODUCTS_DIR; };
		FF5F125C2BC646C7009D8DB8 /* Hiking_AppApp.swift */ = {isa = PBXFileReference; lastKnownFileType = sourcecode.swift; path = Hiking_AppApp.swift; sourceTree = "<group>"; };
		FF5F125E2BC646C7009D8DB8 /* ContentView.swift */ = {isa = PBXFileReference; lastKnownFileType = sourcecode.swift; path = ContentView.swift; sourceTree = "<group>"; };
		FF5F12602BC646CA009D8DB8 /* Assets.xcassets */ = {isa = PBXFileReference; lastKnownFileType = folder.assetcatalog; path = Assets.xcassets; sourceTree = "<group>"; };
		FF5F12632BC646CA009D8DB8 /* Preview Assets.xcassets */ = {isa = PBXFileReference; lastKnownFileType = folder.assetcatalog; path = "Preview Assets.xcassets"; sourceTree = "<group>"; };
		FF5F126A2BC648AD009D8DB8 /* CardView.swift */ = {isa = PBXFileReference; lastKnownFileType = sourcecode.swift; path = CardView.swift; sourceTree = "<group>"; };
		FF5F126D2BC64993009D8DB8 /* CustomBackgroundView.swift */ = {isa = PBXFileReference; lastKnownFileType = sourcecode.swift; path = CustomBackgroundView.swift; sourceTree = "<group>"; };
		FF5F12702BC64B64009D8DB8 /* ColorExtension.swift */ = {isa = PBXFileReference; lastKnownFileType = sourcecode.swift; path = ColorExtension.swift; sourceTree = "<group>"; };
		FF5F12722BC65914009D8DB8 /* CustomButtonView.swift */ = {isa = PBXFileReference; lastKnownFileType = sourcecode.swift; path = CustomButtonView.swift; sourceTree = "<group>"; };
		FF5F12742BC65DFD009D8DB8 /* GradientButtonStyle.swift */ = {isa = PBXFileReference; lastKnownFileType = sourcecode.swift; path = GradientButtonStyle.swift; sourceTree = "<group>"; };
		FF5F12762BC7D450009D8DB8 /* CustomCircleView.swift */ = {isa = PBXFileReference; lastKnownFileType = sourcecode.swift; path = CustomCircleView.swift; sourceTree = "<group>"; };
		FF5F12782BC7D56C009D8DB8 /* MotionAnimationView.swift */ = {isa = PBXFileReference; lastKnownFileType = sourcecode.swift; path = MotionAnimationView.swift; sourceTree = "<group>"; };
		FF5F127B2BC7DB06009D8DB8 /* SettingsView.swift */ = {isa = PBXFileReference; lastKnownFileType = sourcecode.swift; path = SettingsView.swift; sourceTree = "<group>"; };
		FF5F127D2BC8022C009D8DB8 /* CustomListRowView.swift */ = {isa = PBXFileReference; lastKnownFileType = sourcecode.swift; path = CustomListRowView.swift; sourceTree = "<group>"; };
/* End PBXFileReference section */

/* Begin PBXFrameworksBuildPhase section */
		FF5F12562BC646C7009D8DB8 /* Frameworks */ = {
			isa = PBXFrameworksBuildPhase;
			buildActionMask = 2147483647;
			files = (
			);
			runOnlyForDeploymentPostprocessing = 0;
		};
/* End PBXFrameworksBuildPhase section */

/* Begin PBXGroup section */
		FF5F12502BC646C7009D8DB8 = {
			isa = PBXGroup;
			children = (
				FF5F125B2BC646C7009D8DB8 /* Hiking App */,
				FF5F125A2BC646C7009D8DB8 /* Products */,
			);
			sourceTree = "<group>";
		};
		FF5F125A2BC646C7009D8DB8 /* Products */ = {
			isa = PBXGroup;
			children = (
				FF5F12592BC646C7009D8DB8 /* Hiking App.app */,
			);
			name = Products;
			sourceTree = "<group>";
		};
		FF5F125B2BC646C7009D8DB8 /* Hiking App */ = {
			isa = PBXGroup;
			children = (
				FF5F126F2BC64B44009D8DB8 /* Utility */,
				FF5F126C2BC6496E009D8DB8 /* Component */,
				FF5F127A2BC7DAF3009D8DB8 /* Screen */,
				FF5F125C2BC646C7009D8DB8 /* Hiking_AppApp.swift */,
				FF5F12602BC646CA009D8DB8 /* Assets.xcassets */,
				FF5F12622BC646CA009D8DB8 /* Preview Content */,
			);
			path = "Hiking App";
			sourceTree = "<group>";
		};
		FF5F12622BC646CA009D8DB8 /* Preview Content */ = {
			isa = PBXGroup;
			children = (
				FF5F12632BC646CA009D8DB8 /* Preview Assets.xcassets */,
			);
			path = "Preview Content";
			sourceTree = "<group>";
		};
		FF5F126C2BC6496E009D8DB8 /* Component */ = {
			isa = PBXGroup;
			children = (
				FF5F126A2BC648AD009D8DB8 /* CardView.swift */,
				FF5F126D2BC64993009D8DB8 /* CustomBackgroundView.swift */,
				FF5F12722BC65914009D8DB8 /* CustomButtonView.swift */,
				FF5F12762BC7D450009D8DB8 /* CustomCircleView.swift */,
				FF5F12782BC7D56C009D8DB8 /* MotionAnimationView.swift */,
				FF5F127D2BC8022C009D8DB8 /* CustomListRowView.swift */,
			);
			path = Component;
			sourceTree = "<group>";
		};
		FF5F126F2BC64B44009D8DB8 /* Utility */ = {
			isa = PBXGroup;
			children = (
				FF5F12702BC64B64009D8DB8 /* ColorExtension.swift */,
				FF5F12742BC65DFD009D8DB8 /* GradientButtonStyle.swift */,
			);
			path = Utility;
			sourceTree = "<group>";
		};
		FF5F127A2BC7DAF3009D8DB8 /* Screen */ = {
			isa = PBXGroup;
			children = (
				FF5F125E2BC646C7009D8DB8 /* ContentView.swift */,
				FF5F127B2BC7DB06009D8DB8 /* SettingsView.swift */,
			);
			path = Screen;
			sourceTree = "<group>";
		};
/* End PBXGroup section */

/* Begin PBXNativeTarget section */
		FF5F12582BC646C7009D8DB8 /* Hiking App */ = {
			isa = PBXNativeTarget;
			buildConfigurationList = FF5F12672BC646CA009D8DB8 /* Build configuration list for PBXNativeTarget "Hiking App" */;
			buildPhases = (
				FF5F12552BC646C7009D8DB8 /* Sources */,
				FF5F12562BC646C7009D8DB8 /* Frameworks */,
				FF5F12572BC646C7009D8DB8 /* Resources */,
			);
			buildRules = (
			);
			dependencies = (
			);
			name = "Hiking App";
			productName = "Hiking App";
			productReference = FF5F12592BC646C7009D8DB8 /* Hiking App.app */;
			productType = "com.apple.product-type.application";
		};
/* End PBXNativeTarget section */

/* Begin PBXProject section */
		FF5F12512BC646C7009D8DB8 /* Project object */ = {
			isa = PBXProject;
			attributes = {
				BuildIndependentTargetsInParallel = 1;
				LastSwiftUpdateCheck = 1530;
				LastUpgradeCheck = 1530;
				TargetAttributes = {
					FF5F12582BC646C7009D8DB8 = {
						CreatedOnToolsVersion = 15.3;
					};
				};
			};
			buildConfigurationList = FF5F12542BC646C7009D8DB8 /* Build configuration list for PBXProject "Hiking App" */;
			compatibilityVersion = "Xcode 14.0";
			developmentRegion = en;
			hasScannedForEncodings = 0;
			knownRegions = (
				en,
				Base,
			);
			mainGroup = FF5F12502BC646C7009D8DB8;
			productRefGroup = FF5F125A2BC646C7009D8DB8 /* Products */;
			projectDirPath = "";
			projectRoot = "";
			targets = (
				FF5F12582BC646C7009D8DB8 /* Hiking App */,
			);
		};
/* End PBXProject section */

/* Begin PBXResourcesBuildPhase section */
		FF5F12572BC646C7009D8DB8 /* Resources */ = {
			isa = PBXResourcesBuildPhase;
			buildActionMask = 2147483647;
			files = (
				FF5F12642BC646CA009D8DB8 /* Preview Assets.xcassets in Resources */,
				FF5F12612BC646CA009D8DB8 /* Assets.xcassets in Resources */,
			);
			runOnlyForDeploymentPostprocessing = 0;
		};
/* End PBXResourcesBuildPhase section */

/* Begin PBXSourcesBuildPhase section */
		FF5F12552BC646C7009D8DB8 /* Sources */ = {
			isa = PBXSourcesBuildPhase;
			buildActionMask = 2147483647;
			files = (
				FF5F125F2BC646C7009D8DB8 /* ContentView.swift in Sources */,
				FF5F12772BC7D450009D8DB8 /* CustomCircleView.swift in Sources */,
				FF5F127E2BC8022C009D8DB8 /* CustomListRowView.swift in Sources */,
				FF5F126B2BC648AD009D8DB8 /* CardView.swift in Sources */,
				FF5F125D2BC646C7009D8DB8 /* Hiking_AppApp.swift in Sources */,
				FF5F12732BC65914009D8DB8 /* CustomButtonView.swift in Sources */,
				FF5F127C2BC7DB06009D8DB8 /* SettingsView.swift in Sources */,
				FF5F12752BC65DFD009D8DB8 /* GradientButtonStyle.swift in Sources */,
				FF5F12792BC7D56C009D8DB8 /* MotionAnimationView.swift in Sources */,
				FF5F126E2BC64993009D8DB8 /* CustomBackgroundView.swift in Sources */,
				FF5F12712BC64B64009D8DB8 /* ColorExtension.swift in Sources */,
			);
			runOnlyForDeploymentPostprocessing = 0;
		};
/* End PBXSourcesBuildPhase section */

/* Begin XCBuildConfiguration section */
		FF5F12652BC646CA009D8DB8 /* Debug */ = {
			isa = XCBuildConfiguration;
			buildSettings = {
				ALWAYS_SEARCH_USER_PATHS = NO;
				ASSETCATALOG_COMPILER_GENERATE_SWIFT_ASSET_SYMBOL_EXTENSIONS = YES;
				CLANG_ANALYZER_NONNULL = YES;
				CLANG_ANALYZER_NUMBER_OBJECT_CONVERSION = YES_AGGRESSIVE;
				CLANG_CXX_LANGUAGE_STANDARD = "gnu++20";
				CLANG_ENABLE_MODULES = YES;
				CLANG_ENABLE_OBJC_ARC = YES;
				CLANG_ENABLE_OBJC_WEAK = YES;
				CLANG_WARN_BLOCK_CAPTURE_AUTORELEASING = YES;
				CLANG_WARN_BOOL_CONVERSION = YES;
				CLANG_WARN_COMMA = YES;
				CLANG_WARN_CONSTANT_CONVERSION = YES;
				CLANG_WARN_DEPRECATED_OBJC_IMPLEMENTATIONS = YES;
				CLANG_WARN_DIRECT_OBJC_ISA_USAGE = YES_ERROR;
				CLANG_WARN_DOCUMENTATION_COMMENTS = YES;
				CLANG_WARN_EMPTY_BODY = YES;
				CLANG_WARN_ENUM_CONVERSION = YES;
				CLANG_WARN_INFINITE_RECURSION = YES;
				CLANG_WARN_INT_CONVERSION = YES;
				CLANG_WARN_NON_LITERAL_NULL_CONVERSION = YES;
				CLANG_WARN_OBJC_IMPLICIT_RETAIN_SELF = YES;
				CLANG_WARN_OBJC_LITERAL_CONVERSION = YES;
				CLANG_WARN_OBJC_ROOT_CLASS = YES_ERROR;
				CLANG_WARN_QUOTED_INCLUDE_IN_FRAMEWORK_HEADER = YES;
				CLANG_WARN_RANGE_LOOP_ANALYSIS = YES;
				CLANG_WARN_STRICT_PROTOTYPES = YES;
				CLANG_WARN_SUSPICIOUS_MOVE = YES;
				CLANG_WARN_UNGUARDED_AVAILABILITY = YES_AGGRESSIVE;
				CLANG_WARN_UNREACHABLE_CODE = YES;
				CLANG_WARN__DUPLICATE_METHOD_MATCH = YES;
				COPY_PHASE_STRIP = NO;
				DEBUG_INFORMATION_FORMAT = dwarf;
				ENABLE_STRICT_OBJC_MSGSEND = YES;
				ENABLE_TESTABILITY = YES;
				ENABLE_USER_SCRIPT_SANDBOXING = YES;
				GCC_C_LANGUAGE_STANDARD = gnu17;
				GCC_DYNAMIC_NO_PIC = NO;
				GCC_NO_COMMON_BLOCKS = YES;
				GCC_OPTIMIZATION_LEVEL = 0;
				GCC_PREPROCESSOR_DEFINITIONS = (
					"DEBUG=1",
					"$(inherited)",
				);
				GCC_WARN_64_TO_32_BIT_CONVERSION = YES;
				GCC_WARN_ABOUT_RETURN_TYPE = YES_ERROR;
				GCC_WARN_UNDECLARED_SELECTOR = YES;
				GCC_WARN_UNINITIALIZED_AUTOS = YES_AGGRESSIVE;
				GCC_WARN_UNUSED_FUNCTION = YES;
				GCC_WARN_UNUSED_VARIABLE = YES;
				IPHONEOS_DEPLOYMENT_TARGET = 17.4;
				LOCALIZATION_PREFERS_STRING_CATALOGS = YES;
				MTL_ENABLE_DEBUG_INFO = INCLUDE_SOURCE;
				MTL_FAST_MATH = YES;
				ONLY_ACTIVE_ARCH = YES;
				SDKROOT = iphoneos;
				SWIFT_ACTIVE_COMPILATION_CONDITIONS = "DEBUG $(inherited)";
				SWIFT_OPTIMIZATION_LEVEL = "-Onone";
			};
			name = Debug;
		};
		FF5F12662BC646CA009D8DB8 /* Release */ = {
			isa = XCBuildConfiguration;
			buildSettings = {
				ALWAYS_SEARCH_USER_PATHS = NO;
				ASSETCATALOG_COMPILER_GENERATE_SWIFT_ASSET_SYMBOL_EXTENSIONS = YES;
				CLANG_ANALYZER_NONNULL = YES;
				CLANG_ANALYZER_NUMBER_OBJECT_CONVERSION = YES_AGGRESSIVE;
				CLANG_CXX_LANGUAGE_STANDARD = "gnu++20";
				CLANG_ENABLE_MODULES = YES;
				CLANG_ENABLE_OBJC_ARC = YES;
				CLANG_ENABLE_OBJC_WEAK = YES;
				CLANG_WARN_BLOCK_CAPTURE_AUTORELEASING = YES;
				CLANG_WARN_BOOL_CONVERSION = YES;
				CLANG_WARN_COMMA = YES;
				CLANG_WARN_CONSTANT_CONVERSION = YES;
				CLANG_WARN_DEPRECATED_OBJC_IMPLEMENTATIONS = YES;
				CLANG_WARN_DIRECT_OBJC_ISA_USAGE = YES_ERROR;
				CLANG_WARN_DOCUMENTATION_COMMENTS = YES;
				CLANG_WARN_EMPTY_BODY = YES;
				CLANG_WARN_ENUM_CONVERSION = YES;
				CLANG_WARN_INFINITE_RECURSION = YES;
				CLANG_WARN_INT_CONVERSION = YES;
				CLANG_WARN_NON_LITERAL_NULL_CONVERSION = YES;
				CLANG_WARN_OBJC_IMPLICIT_RETAIN_SELF = YES;
				CLANG_WARN_OBJC_LITERAL_CONVERSION = YES;
				CLANG_WARN_OBJC_ROOT_CLASS = YES_ERROR;
				CLANG_WARN_QUOTED_INCLUDE_IN_FRAMEWORK_HEADER = YES;
				CLANG_WARN_RANGE_LOOP_ANALYSIS = YES;
				CLANG_WARN_STRICT_PROTOTYPES = YES;
				CLANG_WARN_SUSPICIOUS_MOVE = YES;
				CLANG_WARN_UNGUARDED_AVAILABILITY = YES_AGGRESSIVE;
				CLANG_WARN_UNREACHABLE_CODE = YES;
				CLANG_WARN__DUPLICATE_METHOD_MATCH = YES;
				COPY_PHASE_STRIP = NO;
				DEBUG_INFORMATION_FORMAT = "dwarf-with-dsym";
				ENABLE_NS_ASSERTIONS = NO;
				ENABLE_STRICT_OBJC_MSGSEND = YES;
				ENABLE_USER_SCRIPT_SANDBOXING = YES;
				GCC_C_LANGUAGE_STANDARD = gnu17;
				GCC_NO_COMMON_BLOCKS = YES;
				GCC_WARN_64_TO_32_BIT_CONVERSION = YES;
				GCC_WARN_ABOUT_RETURN_TYPE = YES_ERROR;
				GCC_WARN_UNDECLARED_SELECTOR = YES;
				GCC_WARN_UNINITIALIZED_AUTOS = YES_AGGRESSIVE;
				GCC_WARN_UNUSED_FUNCTION = YES;
				GCC_WARN_UNUSED_VARIABLE = YES;
				IPHONEOS_DEPLOYMENT_TARGET = 17.4;
				LOCALIZATION_PREFERS_STRING_CATALOGS = YES;
				MTL_ENABLE_DEBUG_INFO = NO;
				MTL_FAST_MATH = YES;
				SDKROOT = iphoneos;
				SWIFT_COMPILATION_MODE = wholemodule;
				VALIDATE_PRODUCT = YES;
			};
			name = Release;
		};
		FF5F12682BC646CA009D8DB8 /* Debug */ = {
			isa = XCBuildConfiguration;
			buildSettings = {
				ASSETCATALOG_COMPILER_APPICON_NAME = AppIcon;
				ASSETCATALOG_COMPILER_GLOBAL_ACCENT_COLOR_NAME = AccentColor;
				CODE_SIGN_STYLE = Automatic;
				CURRENT_PROJECT_VERSION = 1;
				DEVELOPMENT_ASSET_PATHS = "\"Hiking App/Preview Content\"";
				DEVELOPMENT_TEAM = P4VV3YY3TJ;
				ENABLE_PREVIEWS = YES;
				GENERATE_INFOPLIST_FILE = YES;
				INFOPLIST_KEY_UIApplicationSceneManifest_Generation = YES;
				INFOPLIST_KEY_UIApplicationSupportsIndirectInputEvents = YES;
				INFOPLIST_KEY_UILaunchScreen_Generation = YES;
				INFOPLIST_KEY_UISupportedInterfaceOrientations_iPad = "UIInterfaceOrientationPortrait UIInterfaceOrientationPortraitUpsideDown UIInterfaceOrientationLandscapeLeft UIInterfaceOrientationLandscapeRight";
				INFOPLIST_KEY_UISupportedInterfaceOrientations_iPhone = "UIInterfaceOrientationPortrait UIInterfaceOrientationLandscapeLeft UIInterfaceOrientationLandscapeRight";
				LD_RUNPATH_SEARCH_PATHS = (
					"$(inherited)",
					"@executable_path/Frameworks",
				);
				MARKETING_VERSION = 1.0;
				PRODUCT_BUNDLE_IDENTIFIER = "com.TimotiusLeoLia.Hiking-App";
				PRODUCT_NAME = "$(TARGET_NAME)";
				SWIFT_EMIT_LOC_STRINGS = YES;
				SWIFT_VERSION = 5.0;
				TARGETED_DEVICE_FAMILY = "1,2";
			};
			name = Debug;
		};
		FF5F12692BC646CA009D8DB8 /* Release */ = {
			isa = XCBuildConfiguration;
			buildSettings = {
				ASSETCATALOG_COMPILER_APPICON_NAME = AppIcon;
				ASSETCATALOG_COMPILER_GLOBAL_ACCENT_COLOR_NAME = AccentColor;
				CODE_SIGN_STYLE = Automatic;
				CURRENT_PROJECT_VERSION = 1;
				DEVELOPMENT_ASSET_PATHS = "\"Hiking App/Preview Content\"";
				DEVELOPMENT_TEAM = P4VV3YY3TJ;
				ENABLE_PREVIEWS = YES;
				GENERATE_INFOPLIST_FILE = YES;
				INFOPLIST_KEY_UIApplicationSceneManifest_Generation = YES;
				INFOPLIST_KEY_UIApplicationSupportsIndirectInputEvents = YES;
				INFOPLIST_KEY_UILaunchScreen_Generation = YES;
				INFOPLIST_KEY_UISupportedInterfaceOrientations_iPad = "UIInterfaceOrientationPortrait UIInterfaceOrientationPortraitUpsideDown UIInterfaceOrientationLandscapeLeft UIInterfaceOrientationLandscapeRight";
				INFOPLIST_KEY_UISupportedInterfaceOrientations_iPhone = "UIInterfaceOrientationPortrait UIInterfaceOrientationLandscapeLeft UIInterfaceOrientationLandscapeRight";
				LD_RUNPATH_SEARCH_PATHS = (
					"$(inherited)",
					"@executable_path/Frameworks",
				);
				MARKETING_VERSION = 1.0;
				PRODUCT_BUNDLE_IDENTIFIER = "com.TimotiusLeoLia.Hiking-App";
				PRODUCT_NAME = "$(TARGET_NAME)";
				SWIFT_EMIT_LOC_STRINGS = YES;
				SWIFT_VERSION = 5.0;
				TARGETED_DEVICE_FAMILY = "1,2";
			};
			name = Release;
		};
/* End XCBuildConfiguration section */

/* Begin XCConfigurationList section */
		FF5F12542BC646C7009D8DB8 /* Build configuration list for PBXProject "Hiking App" */ = {
			isa = XCConfigurationList;
			buildConfigurations = (
				FF5F12652BC646CA009D8DB8 /* Debug */,
				FF5F12662BC646CA009D8DB8 /* Release */,
			);
			defaultConfigurationIsVisible = 0;
			defaultConfigurationName = Release;
		};
		FF5F12672BC646CA009D8DB8 /* Build configuration list for PBXNativeTarget "Hiking App" */ = {
			isa = XCConfigurationList;
			buildConfigurations = (
				FF5F12682BC646CA009D8DB8 /* Debug */,
				FF5F12692BC646CA009D8DB8 /* Release */,
			);
			defaultConfigurationIsVisible = 0;
			defaultConfigurationName = Release;
		};
/* End XCConfigurationList section */
	};
	rootObject = FF5F12512BC646C7009D8DB8 /* Project object */;
}
